
Microsoft Visual Studio Solution File, Format Version 12.00
# Visual Studio Version 17
VisualStudioVersion = 17.2.32526.322
MinimumVisualStudioVersion = 10.0.40219.1
Project("{FAE04EC0-301F-11D3-BF4B-00C04F79EFBC}") = "FileOrganizer", "FileOrganizer\FileOrganizer.csproj", "{B8CB21F5-6745-42B3-BBA3-208BCE73EE94}"
EndProject
Project("{FAE04EC0-301F-11D3-BF4B-00C04F79EFBC}") = "FileOrganizer.Tests", "FileOrganizer.Tests\FileOrganizer.Tests.csproj", "{EFAD98A2-794A-4E10-B466-5A00F7B96B31}"
EndProject
Global
	GlobalSection(SolutionConfigurationPlatforms) = preSolution
		Debug|Any CPU = Debug|Any CPU
		Release|Any CPU = Release|Any CPU
	EndGlobalSection
	GlobalSection(ProjectConfigurationPlatforms) = postSolution
		{B8CB21F5-6745-42B3-BBA3-208BCE73EE94}.Debug|Any CPU.ActiveCfg = Debug|Any CPU
		{B8CB21F5-6745-42B3-BBA3-208BCE73EE94}.Debug|Any CPU.Build.0 = Debug|Any CPU
		{B8CB21F5-6745-42B3-BBA3-208BCE73EE94}.Release|Any CPU.ActiveCfg = Release|Any CPU
		{B8CB21F5-6745-42B3-BBA3-208BCE73EE94}.Release|Any CPU.Build.0 = Release|Any CPU
		{EFAD98A2-794A-4E10-B466-5A00F7B96B31}.Debug|Any CPU.ActiveCfg = Debug|Any CPU
		{EFAD98A2-794A-4E10-B466-5A00F7B96B31}.Debug|Any CPU.Build.0 = Debug|Any CPU
		{EFAD98A2-794A-4E10-B466-5A00F7B96B31}.Release|Any CPU.ActiveCfg = Release|Any CPU
		{EFAD98A2-794A-4E10-B466-5A00F7B96B31}.Release|Any CPU.Build.0 = Release|Any CPU
	EndGlobalSection
	GlobalSection(SolutionProperties) = preSolution
		HideSolutionNode = FALSE
	EndGlobalSection
	GlobalSection(ExtensibilityGlobals) = postSolution
		SolutionGuid = {A948EFAB-645A-4F7D-AD34-0D556721D031}
	EndGlobalSection
EndGlobal
